PODS:
  - Capacitor (7.2.0):
    - CapacitorCordova
  - CapacitorCordova (7.2.0)
  - CapacitorFilesystem (7.0.0):
    - Capacitor

DEPENDENCIES:
  - "Capacitor (from `../../node_modules/@capacitor/ios`)"
  - "CapacitorCordova (from `../../node_modules/@capacitor/ios`)"
  - "CapacitorFilesystem (from `../../node_modules/@capacitor/filesystem`)"

EXTERNAL SOURCES:
  Capacitor:
    :path: "../../node_modules/@capacitor/ios"
  CapacitorCordova:
    :path: "../../node_modules/@capacitor/ios"
  CapacitorFilesystem:
    :path: "../../node_modules/@capacitor/filesystem"

SPEC CHECKSUMS:
  Capacitor: 03bc7cbdde6a629a8b910a9d7d78c3cc7ed09ea7
  CapacitorCordova: 5967b9ba03915ef1d585469d6e31f31dc49be96f
  CapacitorFilesystem: 59a2b7b56a897c6a3de4d04c5718e1d80de9d2f5

PODFILE CHECKSUM: 50f15106c38c07b980bc847ace45a9e0904fb9e0

COCOAPODS: 1.15.2
